// !$*UTF8*$!
{
	archiveVersion = 1;
	classes = {
	};
	objectVersion = 56;
	objects = {

/* Begin PBXBuildFile section */
		3F44736D2BDA1BC400DA9931 /* MapView.swift in Sources */ = {isa = PBXBuildFile; fileRef = 3F44736C2BDA1BC400DA9931 /* MapView.swift */; };
		3F4473712BDA1FC100DA9931 /* Landmark.swift in Sources */ = {isa = PBXBuildFile; fileRef = 3F4473702BDA1FC100DA9931 /* Landmark.swift */; };
		3F4473732BDA205C00DA9931 /* ModelData.swift in Sources */ = {isa = PBXBuildFile; fileRef = 3F4473722BDA205C00DA9931 /* ModelData.swift */; };
		3F44737D2BDA2A5900DA9931 /* FavoriteButton.swift in Sources */ = {isa = PBXBuildFile; fileRef = 3F44737C2BDA2A5900DA9931 /* FavoriteButton.swift */; };
		3F9D23C42BD203AA005E925F /* Patrick_Steven_AFL3App.swift in Sources */ = {isa = PBXBuildFile; fileRef = 3F9D23C32BD203AA005E925F /* Patrick_Steven_AFL3App.swift */; };
		3F9D23C62BD203AA005E925F /* ContentView.swift in Sources */ = {isa = PBXBuildFile; fileRef = 3F9D23C52BD203AA005E925F /* ContentView.swift */; };
		3F9D23C82BD203AA005E925F /* Assets.xcassets in Resources */ = {isa = PBXBuildFile; fileRef = 3F9D23C72BD203AA005E925F /* Assets.xcassets */; };
		3F9D23CB2BD203AA005E925F /* Preview Assets.xcassets in Resources */ = {isa = PBXBuildFile; fileRef = 3F9D23CA2BD203AA005E925F /* Preview Assets.xcassets */; };
		3F9D23D52BD203AB005E925F /* Patrick_Steven_AFL3Tests.swift in Sources */ = {isa = PBXBuildFile; fileRef = 3F9D23D42BD203AB005E925F /* Patrick_Steven_AFL3Tests.swift */; };
		3F9D23DF2BD203AB005E925F /* Patrick_Steven_AFL3UITests.swift in Sources */ = {isa = PBXBuildFile; fileRef = 3F9D23DE2BD203AB005E925F /* Patrick_Steven_AFL3UITests.swift */; };
		3F9D23E12BD203AB005E925F /* Patrick_Steven_AFL3UITestsLaunchTests.swift in Sources */ = {isa = PBXBuildFile; fileRef = 3F9D23E02BD203AB005E925F /* Patrick_Steven_AFL3UITestsLaunchTests.swift */; };
		3FEB6E302BDA191E002BCAEE /* CircleImage.swift in Sources */ = {isa = PBXBuildFile; fileRef = 3FEB6E2F2BDA191E002BCAEE /* CircleImage.swift */; };
		652401CE2BE35D00000C9FFB /* landmarkData.json in Resources */ = {isa = PBXBuildFile; fileRef = 652401CD2BE35CFF000C9FFB /* landmarkData.json */; };
		652401D22BE362D2000C9FFB /* HexagonParameters.swift..swift in Sources */ = {isa = PBXBuildFile; fileRef = 652401D12BE362D2000C9FFB /* HexagonParameters.swift..swift */; };
		652401D52BE3655B000C9FFB /* BadgeBackground.swift in Sources */ = {isa = PBXBuildFile; fileRef = 652401D42BE3655B000C9FFB /* BadgeBackground.swift */; };
		652401D92BE369B2000C9FFB /* BadgeSymbol.swift in Sources */ = {isa = PBXBuildFile; fileRef = 652401D82BE369B2000C9FFB /* BadgeSymbol.swift */; };
		652401DB2BE36BE2000C9FFB /* RotatedBadgeSymbol.swift in Sources */ = {isa = PBXBuildFile; fileRef = 652401DA2BE36BE2000C9FFB /* RotatedBadgeSymbol.swift */; };
		652401DD2BE3D04B000C9FFB /* Badge.swift .swift in Sources */ = {isa = PBXBuildFile; fileRef = 652401DC2BE3D04B000C9FFB /* Badge.swift .swift */; };
		652401DF2BE3D501000C9FFB /* hikeData.json in Resources */ = {isa = PBXBuildFile; fileRef = 652401DE2BE3D500000C9FFB /* hikeData.json */; };
		652401E12BE3D554000C9FFB /* Hike.swift in Sources */ = {isa = PBXBuildFile; fileRef = 652401E02BE3D554000C9FFB /* Hike.swift */; };
		652401E72BE3DAC9000C9FFB /* GraphCapsule.swift in Sources */ = {isa = PBXBuildFile; fileRef = 652401E22BE3DAC9000C9FFB /* GraphCapsule.swift */; };
		652401E82BE3DAC9000C9FFB /* HikeDetail.swift in Sources */ = {isa = PBXBuildFile; fileRef = 652401E32BE3DAC9000C9FFB /* HikeDetail.swift */; };
		652401E92BE3DAC9000C9FFB /* HikeGraph.swift in Sources */ = {isa = PBXBuildFile; fileRef = 652401E42BE3DAC9000C9FFB /* HikeGraph.swift */; };
		652401EA2BE3DAC9000C9FFB /* HikeView.swift in Sources */ = {isa = PBXBuildFile; fileRef = 652401E52BE3DAC9000C9FFB /* HikeView.swift */; };
		652401EE2BE478A3000C9FFB /* CategoryHome.swift in Sources */ = {isa = PBXBuildFile; fileRef = 652401ED2BE478A3000C9FFB /* CategoryHome.swift */; };
		652401F02BE478B8000C9FFB /* CategoryRow.swift in Sources */ = {isa = PBXBuildFile; fileRef = 652401EF2BE478B8000C9FFB /* CategoryRow.swift */; };
		652401F22BE478BC000C9FFB /* CategoryItem.swift in Sources */ = {isa = PBXBuildFile; fileRef = 652401F12BE478BC000C9FFB /* CategoryItem.swift */; };
		652401F62BE47B39000C9FFB /* ProfileHost.swift in Sources */ = {isa = PBXBuildFile; fileRef = 652401F52BE47B39000C9FFB /* ProfileHost.swift */; };
		652401F82BE47B3E000C9FFB /* ProfileSummary.swift in Sources */ = {isa = PBXBuildFile; fileRef = 652401F72BE47B3E000C9FFB /* ProfileSummary.swift */; };
		652401FA2BE47B44000C9FFB /* ProfileEditor.swift in Sources */ = {isa = PBXBuildFile; fileRef = 652401F92BE47B44000C9FFB /* ProfileEditor.swift */; };
		652401FC2BE47B95000C9FFB /* Profile.swift in Sources */ = {isa = PBXBuildFile; fileRef = 652401FB2BE47B95000C9FFB /* Profile.swift */; };
		652401FE2BE47BD2000C9FFB /* HikeBadge.swift in Sources */ = {isa = PBXBuildFile; fileRef = 652401FD2BE47BD2000C9FFB /* HikeBadge.swift */; };
		652402042BE47DCB000C9FFB /* PageView.swift in Sources */ = {isa = PBXBuildFile; fileRef = 652402002BE47DCB000C9FFB /* PageView.swift */; };
		652402052BE47DCB000C9FFB /* FeatureCard.swift in Sources */ = {isa = PBXBuildFile; fileRef = 652402012BE47DCB000C9FFB /* FeatureCard.swift */; };
		652402062BE47DCB000C9FFB /* PageControl.swift in Sources */ = {isa = PBXBuildFile; fileRef = 652402022BE47DCB000C9FFB /* PageControl.swift */; };
		652402072BE47DCB000C9FFB /* PageViewController.swift in Sources */ = {isa = PBXBuildFile; fileRef = 652402032BE47DCB000C9FFB /* PageViewController.swift */; };
		652402112BE48116000C9FFB /* ContentView.swift in Sources */ = {isa = PBXBuildFile; fileRef = 652402102BE48116000C9FFB /* ContentView.swift */; };
		652402132BE48118000C9FFB /* Assets.xcassets in Resources */ = {isa = PBXBuildFile; fileRef = 652402122BE48118000C9FFB /* Assets.xcassets */; };
		652402162BE48118000C9FFB /* Preview Assets.xcassets in Resources */ = {isa = PBXBuildFile; fileRef = 652402152BE48118000C9FFB /* Preview Assets.xcassets */; };
		652402192BE48118000C9FFB /* WatchLandmarks Watch App.app in Embed Watch Content */ = {isa = PBXBuildFile; fileRef = 6524020C2BE48116000C9FFB /* WatchLandmarks Watch App.app */; settings = {ATTRIBUTES = (RemoveHeadersOnCopy, ); }; };
		6559548E2BE4835A00DA3B03 /* LandmarkDetail.swift in Sources */ = {isa = PBXBuildFile; fileRef = 6559548A2BE4835A00DA3B03 /* LandmarkDetail.swift */; };
		6559548F2BE4835A00DA3B03 /* LandmarkList.swift in Sources */ = {isa = PBXBuildFile; fileRef = 6559548B2BE4835A00DA3B03 /* LandmarkList.swift */; };
		655954902BE4835A00DA3B03 /* LandmarkRow.swift in Sources */ = {isa = PBXBuildFile; fileRef = 6559548C2BE4835A00DA3B03 /* LandmarkRow.swift */; };
		655954942BE4840600DA3B03 /* CircleImage.swift in Sources */ = {isa = PBXBuildFile; fileRef = 3FEB6E2F2BDA191E002BCAEE /* CircleImage.swift */; };
		655954952BE4840600DA3B03 /* Landmark.swift in Sources */ = {isa = PBXBuildFile; fileRef = 3F4473702BDA1FC100DA9931 /* Landmark.swift */; };
		655954972BE4840600DA3B03 /* ModelData.swift in Sources */ = {isa = PBXBuildFile; fileRef = 3F4473722BDA205C00DA9931 /* ModelData.swift */; };
		655954982BE4840600DA3B03 /* MapView.swift in Sources */ = {isa = PBXBuildFile; fileRef = 3F44736C2BDA1BC400DA9931 /* MapView.swift */; };
		655954992BE4840600DA3B03 /* Profile.swift in Sources */ = {isa = PBXBuildFile; fileRef = 652401FB2BE47B95000C9FFB /* Profile.swift */; };
		6559549B2BE4840600DA3B03 /* Hike.swift in Sources */ = {isa = PBXBuildFile; fileRef = 652401E02BE3D554000C9FFB /* Hike.swift */; };
		6559549C2BE4840600DA3B03 /* LandmarkRow.swift in Sources */ = {isa = PBXBuildFile; fileRef = 6559548C2BE4835A00DA3B03 /* LandmarkRow.swift */; };
		6559549D2BE4840600DA3B03 /* landmarkData.json in Resources */ = {isa = PBXBuildFile; fileRef = 652401CD2BE35CFF000C9FFB /* landmarkData.json */; };
		6559549E2BE4840600DA3B03 /* Assets.xcassets in Resources */ = {isa = PBXBuildFile; fileRef = 3F9D23C72BD203AA005E925F /* Assets.xcassets */; };
		6559549F2BE4840600DA3B03 /* hikeData.json in Resources */ = {isa = PBXBuildFile; fileRef = 652401DE2BE3D500000C9FFB /* hikeData.json */; };
		655954A12BE484C200DA3B03 /* LandmarkDetail.swift in Sources */ = {isa = PBXBuildFile; fileRef = 655954A02BE484C200DA3B03 /* LandmarkDetail.swift */; };
		655954A22BE4858100DA3B03 /* Patrick_Steven_AFL3App.swift in Sources */ = {isa = PBXBuildFile; fileRef = 3F9D23C32BD203AA005E925F /* Patrick_Steven_AFL3App.swift */; };
		655954A42BE4882300DA3B03 /* NotificationView.swift in Sources */ = {isa = PBXBuildFile; fileRef = 655954A32BE4882300DA3B03 /* NotificationView.swift */; };
		655954A62BE4883400DA3B03 /* NotificationController.swift in Sources */ = {isa = PBXBuildFile; fileRef = 655954A52BE4883400DA3B03 /* NotificationController.swift */; };
		655954B22BE48A6C00DA3B03 /* ContentView.swift in Sources */ = {isa = PBXBuildFile; fileRef = 655954B12BE48A6C00DA3B03 /* ContentView.swift */; };
		655954B42BE48A6F00DA3B03 /* Assets.xcassets in Resources */ = {isa = PBXBuildFile; fileRef = 655954B32BE48A6F00DA3B03 /* Assets.xcassets */; };
		655954B72BE48A6F00DA3B03 /* Preview Assets.xcassets in Resources */ = {isa = PBXBuildFile; fileRef = 655954B62BE48A6F00DA3B03 /* Preview Assets.xcassets */; };
		655954BC2BE48B2900DA3B03 /* LandmarkList.swift in Sources */ = {isa = PBXBuildFile; fileRef = 6559548B2BE4835A00DA3B03 /* LandmarkList.swift */; };
		655954BD2BE48B2900DA3B03 /* ModelData.swift in Sources */ = {isa = PBXBuildFile; fileRef = 3F4473722BDA205C00DA9931 /* ModelData.swift */; };
		655954BE2BE48B2900DA3B03 /* Landmark.swift in Sources */ = {isa = PBXBuildFile; fileRef = 3F4473702BDA1FC100DA9931 /* Landmark.swift */; };
		655954BF2BE48B2900DA3B03 /* Hike.swift in Sources */ = {isa = PBXBuildFile; fileRef = 652401E02BE3D554000C9FFB /* Hike.swift */; };
		655954C02BE48B2900DA3B03 /* LandmarkRow.swift in Sources */ = {isa = PBXBuildFile; fileRef = 6559548C2BE4835A00DA3B03 /* LandmarkRow.swift */; };
		655954C12BE48B2900DA3B03 /* Patrick_Steven_AFL3App.swift in Sources */ = {isa = PBXBuildFile; fileRef = 3F9D23C32BD203AA005E925F /* Patrick_Steven_AFL3App.swift */; };
		655954C22BE48B2900DA3B03 /* CircleImage.swift in Sources */ = {isa = PBXBuildFile; fileRef = 3FEB6E2F2BDA191E002BCAEE /* CircleImage.swift */; };
		655954C32BE48B2900DA3B03 /* MapView.swift in Sources */ = {isa = PBXBuildFile; fileRef = 3F44736C2BDA1BC400DA9931 /* MapView.swift */; };
		655954C42BE48B2900DA3B03 /* FavoriteButton.swift in Sources */ = {isa = PBXBuildFile; fileRef = 3F44737C2BDA2A5900DA9931 /* FavoriteButton.swift */; };
		655954C52BE48B2900DA3B03 /* Profile.swift in Sources */ = {isa = PBXBuildFile; fileRef = 652401FB2BE47B95000C9FFB /* Profile.swift */; };
		655954C62BE48B2900DA3B03 /* landmarkData.json in Resources */ = {isa = PBXBuildFile; fileRef = 652401CD2BE35CFF000C9FFB /* landmarkData.json */; };
		655954C72BE48B2900DA3B03 /* Assets.xcassets in Resources */ = {isa = PBXBuildFile; fileRef = 3F9D23C72BD203AA005E925F /* Assets.xcassets */; };
		655954C82BE48B2900DA3B03 /* hikeData.json in Resources */ = {isa = PBXBuildFile; fileRef = 652401DE2BE3D500000C9FFB /* hikeData.json */; };
		655954CA2BE48BAD00DA3B03 /* LandmarkDetail.swift in Sources */ = {isa = PBXBuildFile; fileRef = 655954C92BE48BAD00DA3B03 /* LandmarkDetail.swift */; };
		655954CC2BE48CBC00DA3B03 /* LandmarkList.swift in Sources */ = {isa = PBXBuildFile; fileRef = 655954CB2BE48CBC00DA3B03 /* LandmarkList.swift */; };
		655954CE2BE48E2700DA3B03 /* LandmarkCommands.swift in Sources */ = {isa = PBXBuildFile; fileRef = 655954CD2BE48E2700DA3B03 /* LandmarkCommands.swift */; };
		655954CF2BE48E2700DA3B03 /* LandmarkCommands.swift in Sources */ = {isa = PBXBuildFile; fileRef = 655954CD2BE48E2700DA3B03 /* LandmarkCommands.swift */; };
		655954D12BE48F6500DA3B03 /* LandmarkSettings.swift in Sources */ = {isa = PBXBuildFile; fileRef = 655954D02BE48F6500DA3B03 /* LandmarkSettings.swift */; };
/* End PBXBuildFile section */

/* Begin PBXContainerItemProxy section */
		3F9D23D12BD203AB005E925F /* PBXContainerItemProxy */ = {
			isa = PBXContainerItemProxy;
			containerPortal = 3F9D23B82BD203AA005E925F /* Project object */;
			proxyType = 1;
			remoteGlobalIDString = 3F9D23BF2BD203AA005E925F;
			remoteInfo = "Patrick Steven_AFL3";
		};
		3F9D23DB2BD203AB005E925F /* PBXContainerItemProxy */ = {
			isa = PBXContainerItemProxy;
			containerPortal = 3F9D23B82BD203AA005E925F /* Project object */;
			proxyType = 1;
			remoteGlobalIDString = 3F9D23BF2BD203AA005E925F;
			remoteInfo = "Patrick Steven_AFL3";
		};
		652402172BE48118000C9FFB /* PBXContainerItemProxy */ = {
			isa = PBXContainerItemProxy;
			containerPortal = 3F9D23B82BD203AA005E925F /* Project object */;
			proxyType = 1;
			remoteGlobalIDString = 6524020B2BE48116000C9FFB;
			remoteInfo = "WatchLandmarks Watch App";
		};
/* End PBXContainerItemProxy section */

/* Begin PBXCopyFilesBuildPhase section */
		6524021D2BE48118000C9FFB /* Embed Watch Content */ = {
			isa = PBXCopyFilesBuildPhase;
			buildActionMask = 2147483647;
			dstPath = "$(CONTENTS_FOLDER_PATH)/Watch";
			dstSubfolderSpec = 16;
			files = (
				652402192BE48118000C9FFB /* WatchLandmarks Watch App.app in Embed Watch Content */,
			);
			name = "Embed Watch Content";
			runOnlyForDeploymentPostprocessing = 0;
		};
/* End PBXCopyFilesBuildPhase section */

/* Begin PBXFileReference section */
		3F44736C2BDA1BC400DA9931 /* MapView.swift */ = {isa = PBXFileReference; lastKnownFileType = sourcecode.swift; path = MapView.swift; sourceTree = "<group>"; };
		3F4473702BDA1FC100DA9931 /* Landmark.swift */ = {isa = PBXFileReference; lastKnownFileType = sourcecode.swift; path = Landmark.swift; sourceTree = "<group>"; };
		3F4473722BDA205C00DA9931 /* ModelData.swift */ = {isa = PBXFileReference; lastKnownFileType = sourcecode.swift; path = ModelData.swift; sourceTree = "<group>"; };
		3F44737C2BDA2A5900DA9931 /* FavoriteButton.swift */ = {isa = PBXFileReference; lastKnownFileType = sourcecode.swift; path = FavoriteButton.swift; sourceTree = "<group>"; };
		3F9D23C02BD203AA005E925F /* Patrick Steven_AFL3.app */ = {isa = PBXFileReference; explicitFileType = wrapper.application; includeInIndex = 0; path = "Patrick Steven_AFL3.app"; sourceTree = BUILT_PRODUCTS_DIR; };
		3F9D23C32BD203AA005E925F /* Patrick_Steven_AFL3App.swift */ = {isa = PBXFileReference; lastKnownFileType = sourcecode.swift; path = Patrick_Steven_AFL3App.swift; sourceTree = "<group>"; };
		3F9D23C52BD203AA005E925F /* ContentView.swift */ = {isa = PBXFileReference; lastKnownFileType = sourcecode.swift; path = ContentView.swift; sourceTree = "<group>"; };
		3F9D23C72BD203AA005E925F /* Assets.xcassets */ = {isa = PBXFileReference; lastKnownFileType = folder.assetcatalog; path = Assets.xcassets; sourceTree = "<group>"; };
		3F9D23CA2BD203AA005E925F /* Preview Assets.xcassets */ = {isa = PBXFileReference; lastKnownFileType = folder.assetcatalog; path = "Preview Assets.xcassets"; sourceTree = "<group>"; };
		3F9D23D02BD203AB005E925F /* Patrick Steven_AFL3Tests.xctest */ = {isa = PBXFileReference; explicitFileType = wrapper.cfbundle; includeInIndex = 0; path = "Patrick Steven_AFL3Tests.xctest"; sourceTree = BUILT_PRODUCTS_DIR; };
		3F9D23D42BD203AB005E925F /* Patrick_Steven_AFL3Tests.swift */ = {isa = PBXFileReference; lastKnownFileType = sourcecode.swift; path = Patrick_Steven_AFL3Tests.swift; sourceTree = "<group>"; };
		3F9D23DA2BD203AB005E925F /* Patrick Steven_AFL3UITests.xctest */ = {isa = PBXFileReference; explicitFileType = wrapper.cfbundle; includeInIndex = 0; path = "Patrick Steven_AFL3UITests.xctest"; sourceTree = BUILT_PRODUCTS_DIR; };
		3F9D23DE2BD203AB005E925F /* Patrick_Steven_AFL3UITests.swift */ = {isa = PBXFileReference; lastKnownFileType = sourcecode.swift; path = Patrick_Steven_AFL3UITests.swift; sourceTree = "<group>"; };
		3F9D23E02BD203AB005E925F /* Patrick_Steven_AFL3UITestsLaunchTests.swift */ = {isa = PBXFileReference; lastKnownFileType = sourcecode.swift; path = Patrick_Steven_AFL3UITestsLaunchTests.swift; sourceTree = "<group>"; };
		3FEB6E2F2BDA191E002BCAEE /* CircleImage.swift */ = {isa = PBXFileReference; lastKnownFileType = sourcecode.swift; path = CircleImage.swift; sourceTree = "<group>"; };
		652401CD2BE35CFF000C9FFB /* landmarkData.json */ = {isa = PBXFileReference; fileEncoding = 4; lastKnownFileType = text.json; name = landmarkData.json; path = ../../../DrawingPathsAndShapes/Complete/Landmarks/Resources/landmarkData.json; sourceTree = "<group>"; };
		652401D12BE362D2000C9FFB /* HexagonParameters.swift..swift */ = {isa = PBXFileReference; lastKnownFileType = sourcecode.swift; path = HexagonParameters.swift..swift; sourceTree = "<group>"; };
		652401D42BE3655B000C9FFB /* BadgeBackground.swift */ = {isa = PBXFileReference; lastKnownFileType = sourcecode.swift; path = BadgeBackground.swift; sourceTree = "<group>"; };
		652401D82BE369B2000C9FFB /* BadgeSymbol.swift */ = {isa = PBXFileReference; lastKnownFileType = sourcecode.swift; path = BadgeSymbol.swift; sourceTree = "<group>"; };
		652401DA2BE36BE2000C9FFB /* RotatedBadgeSymbol.swift */ = {isa = PBXFileReference; lastKnownFileType = sourcecode.swift; path = RotatedBadgeSymbol.swift; sourceTree = "<group>"; };
		652401DC2BE3D04B000C9FFB /* Badge.swift .swift */ = {isa = PBXFileReference; lastKnownFileType = sourcecode.swift; path = "Badge.swift .swift"; sourceTree = "<group>"; };
		652401DE2BE3D500000C9FFB /* hikeData.json */ = {isa = PBXFileReference; fileEncoding = 4; lastKnownFileType = text.json; path = hikeData.json; sourceTree = "<group>"; };
		652401E02BE3D554000C9FFB /* Hike.swift */ = {isa = PBXFileReference; lastKnownFileType = sourcecode.swift; path = Hike.swift; sourceTree = "<group>"; };
		652401E22BE3DAC9000C9FFB /* GraphCapsule.swift */ = {isa = PBXFileReference; fileEncoding = 4; lastKnownFileType = sourcecode.swift; path = GraphCapsule.swift; sourceTree = "<group>"; };
		652401E32BE3DAC9000C9FFB /* HikeDetail.swift */ = {isa = PBXFileReference; fileEncoding = 4; lastKnownFileType = sourcecode.swift; path = HikeDetail.swift; sourceTree = "<group>"; };
		652401E42BE3DAC9000C9FFB /* HikeGraph.swift */ = {isa = PBXFileReference; fileEncoding = 4; lastKnownFileType = sourcecode.swift; path = HikeGraph.swift; sourceTree = "<group>"; };
		652401E52BE3DAC9000C9FFB /* HikeView.swift */ = {isa = PBXFileReference; fileEncoding = 4; lastKnownFileType = sourcecode.swift; path = HikeView.swift; sourceTree = "<group>"; };
		652401ED2BE478A3000C9FFB /* CategoryHome.swift */ = {isa = PBXFileReference; fileEncoding = 4; lastKnownFileType = sourcecode.swift; path = CategoryHome.swift; sourceTree = "<group>"; };
		652401EF2BE478B8000C9FFB /* CategoryRow.swift */ = {isa = PBXFileReference; fileEncoding = 4; lastKnownFileType = sourcecode.swift; path = CategoryRow.swift; sourceTree = "<group>"; };
		652401F12BE478BC000C9FFB /* CategoryItem.swift */ = {isa = PBXFileReference; fileEncoding = 4; lastKnownFileType = sourcecode.swift; path = CategoryItem.swift; sourceTree = "<group>"; };
		652401F52BE47B39000C9FFB /* ProfileHost.swift */ = {isa = PBXFileReference; fileEncoding = 4; lastKnownFileType = sourcecode.swift; path = ProfileHost.swift; sourceTree = "<group>"; };
		652401F72BE47B3E000C9FFB /* ProfileSummary.swift */ = {isa = PBXFileReference; fileEncoding = 4; lastKnownFileType = sourcecode.swift; path = ProfileSummary.swift; sourceTree = "<group>"; };
		652401F92BE47B44000C9FFB /* ProfileEditor.swift */ = {isa = PBXFileReference; fileEncoding = 4; lastKnownFileType = sourcecode.swift; path = ProfileEditor.swift; sourceTree = "<group>"; };
		652401FB2BE47B95000C9FFB /* Profile.swift */ = {isa = PBXFileReference; fileEncoding = 4; lastKnownFileType = sourcecode.swift; path = Profile.swift; sourceTree = "<group>"; };
		652401FD2BE47BD2000C9FFB /* HikeBadge.swift */ = {isa = PBXFileReference; fileEncoding = 4; lastKnownFileType = sourcecode.swift; path = HikeBadge.swift; sourceTree = "<group>"; };
		652402002BE47DCB000C9FFB /* PageView.swift */ = {isa = PBXFileReference; fileEncoding = 4; lastKnownFileType = sourcecode.swift; path = PageView.swift; sourceTree = "<group>"; };
		652402012BE47DCB000C9FFB /* FeatureCard.swift */ = {isa = PBXFileReference; fileEncoding = 4; lastKnownFileType = sourcecode.swift; path = FeatureCard.swift; sourceTree = "<group>"; };
		652402022BE47DCB000C9FFB /* PageControl.swift */ = {isa = PBXFileReference; fileEncoding = 4; lastKnownFileType = sourcecode.swift; path = PageControl.swift; sourceTree = "<group>"; };
		652402032BE47DCB000C9FFB /* PageViewController.swift */ = {isa = PBXFileReference; fileEncoding = 4; lastKnownFileType = sourcecode.swift; path = PageViewController.swift; sourceTree = "<group>"; };
		6524020C2BE48116000C9FFB /* WatchLandmarks Watch App.app */ = {isa = PBXFileReference; explicitFileType = wrapper.application; includeInIndex = 0; path = "WatchLandmarks Watch App.app"; sourceTree = BUILT_PRODUCTS_DIR; };
		652402102BE48116000C9FFB /* ContentView.swift */ = {isa = PBXFileReference; lastKnownFileType = sourcecode.swift; path = ContentView.swift; sourceTree = "<group>"; };
		652402122BE48118000C9FFB /* Assets.xcassets */ = {isa = PBXFileReference; lastKnownFileType = folder.assetcatalog; path = Assets.xcassets; sourceTree = "<group>"; };
		652402152BE48118000C9FFB /* Preview Assets.xcassets */ = {isa = PBXFileReference; lastKnownFileType = folder.assetcatalog; path = "Preview Assets.xcassets"; sourceTree = "<group>"; };
		6559548A2BE4835A00DA3B03 /* LandmarkDetail.swift */ = {isa = PBXFileReference; fileEncoding = 4; lastKnownFileType = sourcecode.swift; path = LandmarkDetail.swift; sourceTree = "<group>"; };
		6559548B2BE4835A00DA3B03 /* LandmarkList.swift */ = {isa = PBXFileReference; fileEncoding = 4; lastKnownFileType = sourcecode.swift; path = LandmarkList.swift; sourceTree = "<group>"; };
		6559548C2BE4835A00DA3B03 /* LandmarkRow.swift */ = {isa = PBXFileReference; fileEncoding = 4; lastKnownFileType = sourcecode.swift; path = LandmarkRow.swift; sourceTree = "<group>"; };
		655954A02BE484C200DA3B03 /* LandmarkDetail.swift */ = {isa = PBXFileReference; lastKnownFileType = sourcecode.swift; path = LandmarkDetail.swift; sourceTree = "<group>"; };
		655954A32BE4882300DA3B03 /* NotificationView.swift */ = {isa = PBXFileReference; fileEncoding = 4; lastKnownFileType = sourcecode.swift; path = NotificationView.swift; sourceTree = "<group>"; };
		655954A52BE4883400DA3B03 /* NotificationController.swift */ = {isa = PBXFileReference; fileEncoding = 4; lastKnownFileType = sourcecode.swift; path = NotificationController.swift; sourceTree = "<group>"; };
		655954A72BE4890900DA3B03 /* PushNotificationPayload.apns */ = {isa = PBXFileReference; lastKnownFileType = text; path = PushNotificationPayload.apns; sourceTree = "<group>"; };
		655954AD2BE48A6C00DA3B03 /* MacLandMarks.app */ = {isa = PBXFileReference; explicitFileType = wrapper.application; includeInIndex = 0; path = MacLandMarks.app; sourceTree = BUILT_PRODUCTS_DIR; };
		655954B12BE48A6C00DA3B03 /* ContentView.swift */ = {isa = PBXFileReference; lastKnownFileType = sourcecode.swift; path = ContentView.swift; sourceTree = "<group>"; };
		655954B32BE48A6F00DA3B03 /* Assets.xcassets */ = {isa = PBXFileReference; lastKnownFileType = folder.assetcatalog; path = Assets.xcassets; sourceTree = "<group>"; };
		655954B62BE48A6F00DA3B03 /* Preview Assets.xcassets */ = {isa = PBXFileReference; lastKnownFileType = folder.assetcatalog; path = "Preview Assets.xcassets"; sourceTree = "<group>"; };
		655954B82BE48A6F00DA3B03 /* MacLandMarks.entitlements */ = {isa = PBXFileReference; lastKnownFileType = text.plist.entitlements; path = MacLandMarks.entitlements; sourceTree = "<group>"; };
		655954C92BE48BAD00DA3B03 /* LandmarkDetail.swift */ = {isa = PBXFileReference; fileEncoding = 4; lastKnownFileType = sourcecode.swift; path = LandmarkDetail.swift; sourceTree = "<group>"; };
		655954CB2BE48CBC00DA3B03 /* LandmarkList.swift */ = {isa = PBXFileReference; lastKnownFileType = sourcecode.swift; path = LandmarkList.swift; sourceTree = "<group>"; };
		655954CD2BE48E2700DA3B03 /* LandmarkCommands.swift */ = {isa = PBXFileReference; lastKnownFileType = sourcecode.swift; path = LandmarkCommands.swift; sourceTree = "<group>"; };
		655954D02BE48F6500DA3B03 /* LandmarkSettings.swift */ = {isa = PBXFileReference; lastKnownFileType = sourcecode.swift; path = LandmarkSettings.swift; sourceTree = "<group>"; };
/* End PBXFileReference section */

/* Begin PBXFrameworksBuildPhase section */
		3F9D23BD2BD203AA005E925F /* Frameworks */ = {
			isa = PBXFrameworksBuildPhase;
			buildActionMask = 2147483647;
			files = (
			);
			runOnlyForDeploymentPostprocessing = 0;
		};
		3F9D23CD2BD203AB005E925F /* Frameworks */ = {
			isa = PBXFrameworksBuildPhase;
			buildActionMask = 2147483647;
			files = (
			);
			runOnlyForDeploymentPostprocessing = 0;
		};
		3F9D23D72BD203AB005E925F /* Frameworks */ = {
			isa = PBXFrameworksBuildPhase;
			buildActionMask = 2147483647;
			files = (
			);
			runOnlyForDeploymentPostprocessing = 0;
		};
		652402092BE48116000C9FFB /* Frameworks */ = {
			isa = PBXFrameworksBuildPhase;
			buildActionMask = 2147483647;
			files = (
			);
			runOnlyForDeploymentPostprocessing = 0;
		};
		655954AA2BE48A6C00DA3B03 /* Frameworks */ = {
			isa = PBXFrameworksBuildPhase;
			buildActionMask = 2147483647;
			files = (
			);
			runOnlyForDeploymentPostprocessing = 0;
		};
/* End PBXFrameworksBuildPhase section */

/* Begin PBXGroup section */
		3F4473742BDA208F00DA9931 /* Views */ = {
			isa = PBXGroup;
			children = (
				6559548D2BE4835A00DA3B03 /* LandMarks */,
				652401E62BE3DAC9000C9FFB /* Hikes */,
				652401CD2BE35CFF000C9FFB /* landmarkData.json */,
				3F9D23C52BD203AA005E925F /* ContentView.swift */,
			);
			path = Views;
			sourceTree = "<group>";
		};
		3F4473752BDA20B000DA9931 /* Model */ = {
			isa = PBXGroup;
			children = (
				652401FB2BE47B95000C9FFB /* Profile.swift */,
				652401E02BE3D554000C9FFB /* Hike.swift */,
				3F4473702BDA1FC100DA9931 /* Landmark.swift */,
				3F4473722BDA205C00DA9931 /* ModelData.swift */,
			);
			path = Model;
			sourceTree = "<group>";
		};
		3F4473802BDA2BAA00DA9931 /* Helper */ = {
			isa = PBXGroup;
			children = (
				3FEB6E2F2BDA191E002BCAEE /* CircleImage.swift */,
				3F44736C2BDA1BC400DA9931 /* MapView.swift */,
				3F44737C2BDA2A5900DA9931 /* FavoriteButton.swift */,
			);
			path = Helper;
			sourceTree = "<group>";
		};
		3F9D23B72BD203AA005E925F = {
			isa = PBXGroup;
			children = (
				652401FF2BE47DBD000C9FFB /* PageView */,
				652401F42BE47B21000C9FFB /* Profiles */,
				652401EC2BE4787F000C9FFB /* Categories */,
				652401D32BE3652E000C9FFB /* Badges */,
				3F4473802BDA2BAA00DA9931 /* Helper */,
				3F4473752BDA20B000DA9931 /* Model */,
				3F4473742BDA208F00DA9931 /* Views */,
				3F9D23C22BD203AA005E925F /* Patrick Steven_AFL3 */,
				3F9D23DD2BD203AB005E925F /* Patrick Steven_AFL3UITests */,
				6524020D2BE48116000C9FFB /* WatchLandmarks Watch App */,
				655954AE2BE48A6C00DA3B03 /* MacLandMarks */,
				3F9D23C12BD203AA005E925F /* Products */,
			);
			sourceTree = "<group>";
		};
		3F9D23C12BD203AA005E925F /* Products */ = {
			isa = PBXGroup;
			children = (
				3F9D23C02BD203AA005E925F /* Patrick Steven_AFL3.app */,
				3F9D23D02BD203AB005E925F /* Patrick Steven_AFL3Tests.xctest */,
				3F9D23DA2BD203AB005E925F /* Patrick Steven_AFL3UITests.xctest */,
				6524020C2BE48116000C9FFB /* WatchLandmarks Watch App.app */,
				655954AD2BE48A6C00DA3B03 /* MacLandMarks.app */,
			);
			name = Products;
			sourceTree = "<group>";
		};
		3F9D23C22BD203AA005E925F /* Patrick Steven_AFL3 */ = {
			isa = PBXGroup;
			children = (
				3F9D23C32BD203AA005E925F /* Patrick_Steven_AFL3App.swift */,
				3F9D23D32BD203AB005E925F /* Patrick Steven_AFL3Tests */,
				3F9D23C72BD203AA005E925F /* Assets.xcassets */,
				3F9D23C92BD203AA005E925F /* Preview Content */,
			);
			path = "Patrick Steven_AFL3";
			sourceTree = "<group>";
		};
		3F9D23C92BD203AA005E925F /* Preview Content */ = {
			isa = PBXGroup;
			children = (
				3F9D23CA2BD203AA005E925F /* Preview Assets.xcassets */,
			);
			path = "Preview Content";
			sourceTree = "<group>";
		};
		3F9D23D32BD203AB005E925F /* Patrick Steven_AFL3Tests */ = {
			isa = PBXGroup;
			children = (
				3F9D23D42BD203AB005E925F /* Patrick_Steven_AFL3Tests.swift */,
			);
			path = "Patrick Steven_AFL3Tests";
			sourceTree = "<group>";
		};
		3F9D23DD2BD203AB005E925F /* Patrick Steven_AFL3UITests */ = {
			isa = PBXGroup;
			children = (
				3F9D23DE2BD203AB005E925F /* Patrick_Steven_AFL3UITests.swift */,
				3F9D23E02BD203AB005E925F /* Patrick_Steven_AFL3UITestsLaunchTests.swift */,
			);
			path = "Patrick Steven_AFL3UITests";
			sourceTree = "<group>";
		};
		652401D32BE3652E000C9FFB /* Badges */ = {
			isa = PBXGroup;
			children = (
				652401FD2BE47BD2000C9FFB /* HikeBadge.swift */,
				652401D42BE3655B000C9FFB /* BadgeBackground.swift */,
				652401D82BE369B2000C9FFB /* BadgeSymbol.swift */,
				652401DA2BE36BE2000C9FFB /* RotatedBadgeSymbol.swift */,
				652401DC2BE3D04B000C9FFB /* Badge.swift .swift */,
				652401D12BE362D2000C9FFB /* HexagonParameters.swift..swift */,
				652401DE2BE3D500000C9FFB /* hikeData.json */,
			);
			path = Badges;
			sourceTree = "<group>";
		};
		652401E62BE3DAC9000C9FFB /* Hikes */ = {
			isa = PBXGroup;
			children = (
				652401E22BE3DAC9000C9FFB /* GraphCapsule.swift */,
				652401E32BE3DAC9000C9FFB /* HikeDetail.swift */,
				652401E42BE3DAC9000C9FFB /* HikeGraph.swift */,
				652401E52BE3DAC9000C9FFB /* HikeView.swift */,
			);
			path = Hikes;
			sourceTree = "<group>";
		};
		652401EC2BE4787F000C9FFB /* Categories */ = {
			isa = PBXGroup;
			children = (
				652401ED2BE478A3000C9FFB /* CategoryHome.swift */,
				652401EF2BE478B8000C9FFB /* CategoryRow.swift */,
				652401F12BE478BC000C9FFB /* CategoryItem.swift */,
			);
			path = Categories;
			sourceTree = "<group>";
		};
		652401F42BE47B21000C9FFB /* Profiles */ = {
			isa = PBXGroup;
			children = (
				652401F52BE47B39000C9FFB /* ProfileHost.swift */,
				652401F72BE47B3E000C9FFB /* ProfileSummary.swift */,
				652401F92BE47B44000C9FFB /* ProfileEditor.swift */,
			);
			path = Profiles;
			sourceTree = "<group>";
		};
		652401FF2BE47DBD000C9FFB /* PageView */ = {
			isa = PBXGroup;
			children = (
				652402012BE47DCB000C9FFB /* FeatureCard.swift */,
				652402022BE47DCB000C9FFB /* PageControl.swift */,
				652402002BE47DCB000C9FFB /* PageView.swift */,
				652402032BE47DCB000C9FFB /* PageViewController.swift */,
			);
			path = PageView;
			sourceTree = "<group>";
		};
		6524020D2BE48116000C9FFB /* WatchLandmarks Watch App */ = {
			isa = PBXGroup;
			children = (
				655954A52BE4883400DA3B03 /* NotificationController.swift */,
				655954A32BE4882300DA3B03 /* NotificationView.swift */,
				652402102BE48116000C9FFB /* ContentView.swift */,
				655954CB2BE48CBC00DA3B03 /* LandmarkList.swift */,
				655954A02BE484C200DA3B03 /* LandmarkDetail.swift */,
				652402122BE48118000C9FFB /* Assets.xcassets */,
				652402142BE48118000C9FFB /* Preview Content */,
				655954A72BE4890900DA3B03 /* PushNotificationPayload.apns */,
			);
			path = "WatchLandmarks Watch App";
			sourceTree = "<group>";
		};
		652402142BE48118000C9FFB /* Preview Content */ = {
			isa = PBXGroup;
			children = (
				652402152BE48118000C9FFB /* Preview Assets.xcassets */,
			);
			path = "Preview Content";
			sourceTree = "<group>";
		};
		6559548D2BE4835A00DA3B03 /* LandMarks */ = {
			isa = PBXGroup;
			children = (
				6559548A2BE4835A00DA3B03 /* LandmarkDetail.swift */,
				6559548B2BE4835A00DA3B03 /* LandmarkList.swift */,
				6559548C2BE4835A00DA3B03 /* LandmarkRow.swift */,
			);
			path = LandMarks;
			sourceTree = "<group>";
		};
		655954AE2BE48A6C00DA3B03 /* MacLandMarks */ = {
			isa = PBXGroup;
			children = (
				655954C92BE48BAD00DA3B03 /* LandmarkDetail.swift */,
				655954B12BE48A6C00DA3B03 /* ContentView.swift */,
				655954B32BE48A6F00DA3B03 /* Assets.xcassets */,
				655954B82BE48A6F00DA3B03 /* MacLandMarks.entitlements */,
				655954B52BE48A6F00DA3B03 /* Preview Content */,
				655954CD2BE48E2700DA3B03 /* LandmarkCommands.swift */,
				655954D02BE48F6500DA3B03 /* LandmarkSettings.swift */,
			);
			path = MacLandMarks;
			sourceTree = "<group>";
		};
		655954B52BE48A6F00DA3B03 /* Preview Content */ = {
			isa = PBXGroup;
			children = (
				655954B62BE48A6F00DA3B03 /* Preview Assets.xcassets */,
			);
			path = "Preview Content";
			sourceTree = "<group>";
		};
/* End PBXGroup section */

/* Begin PBXNativeTarget section */
		3F9D23BF2BD203AA005E925F /* Patrick Steven_AFL3 */ = {
			isa = PBXNativeTarget;
			buildConfigurationList = 3F9D23E42BD203AB005E925F /* Build configuration list for PBXNativeTarget "Patrick Steven_AFL3" */;
			buildPhases = (
				3F9D23BC2BD203AA005E925F /* Sources */,
				3F9D23BD2BD203AA005E925F /* Frameworks */,
				3F9D23BE2BD203AA005E925F /* Resources */,
				6524021D2BE48118000C9FFB /* Embed Watch Content */,
			);
			buildRules = (
			);
			dependencies = (
				652402182BE48118000C9FFB /* PBXTargetDependency */,
			);
			name = "Patrick Steven_AFL3";
			productName = "Patrick Steven_AFL3";
			productReference = 3F9D23C02BD203AA005E925F /* Patrick Steven_AFL3.app */;
			productType = "com.apple.product-type.application";
		};
		3F9D23CF2BD203AB005E925F /* Patrick Steven_AFL3Tests */ = {
			isa = PBXNativeTarget;
			buildConfigurationList = 3F9D23E72BD203AB005E925F /* Build configuration list for PBXNativeTarget "Patrick Steven_AFL3Tests" */;
			buildPhases = (
				3F9D23CC2BD203AB005E925F /* Sources */,
				3F9D23CD2BD203AB005E925F /* Frameworks */,
				3F9D23CE2BD203AB005E925F /* Resources */,
			);
			buildRules = (
			);
			dependencies = (
				3F9D23D22BD203AB005E925F /* PBXTargetDependency */,
			);
			name = "Patrick Steven_AFL3Tests";
			productName = "Patrick Steven_AFL3Tests";
			productReference = 3F9D23D02BD203AB005E925F /* Patrick Steven_AFL3Tests.xctest */;
			productType = "com.apple.product-type.bundle.unit-test";
		};
		3F9D23D92BD203AB005E925F /* Patrick Steven_AFL3UITests */ = {
			isa = PBXNativeTarget;
			buildConfigurationList = 3F9D23EA2BD203AB005E925F /* Build configuration list for PBXNativeTarget "Patrick Steven_AFL3UITests" */;
			buildPhases = (
				3F9D23D62BD203AB005E925F /* Sources */,
				3F9D23D72BD203AB005E925F /* Frameworks */,
				3F9D23D82BD203AB005E925F /* Resources */,
			);
			buildRules = (
			);
			dependencies = (
				3F9D23DC2BD203AB005E925F /* PBXTargetDependency */,
			);
			name = "Patrick Steven_AFL3UITests";
			productName = "Patrick Steven_AFL3UITests";
			productReference = 3F9D23DA2BD203AB005E925F /* Patrick Steven_AFL3UITests.xctest */;
			productType = "com.apple.product-type.bundle.ui-testing";
		};
		6524020B2BE48116000C9FFB /* WatchLandmarks Watch App */ = {
			isa = PBXNativeTarget;
			buildConfigurationList = 6524021A2BE48118000C9FFB /* Build configuration list for PBXNativeTarget "WatchLandmarks Watch App" */;
			buildPhases = (
				652402082BE48116000C9FFB /* Sources */,
				652402092BE48116000C9FFB /* Frameworks */,
				6524020A2BE48116000C9FFB /* Resources */,
			);
			buildRules = (
			);
			dependencies = (
			);
			name = "WatchLandmarks Watch App";
			productName = "WatchLandmarks Watch App";
			productReference = 6524020C2BE48116000C9FFB /* WatchLandmarks Watch App.app */;
			productType = "com.apple.product-type.application";
		};
		655954AC2BE48A6C00DA3B03 /* MacLandMarks */ = {
			isa = PBXNativeTarget;
			buildConfigurationList = 655954B92BE48A6F00DA3B03 /* Build configuration list for PBXNativeTarget "MacLandMarks" */;
			buildPhases = (
				655954A92BE48A6C00DA3B03 /* Sources */,
				655954AA2BE48A6C00DA3B03 /* Frameworks */,
				655954AB2BE48A6C00DA3B03 /* Resources */,
			);
			buildRules = (
			);
			dependencies = (
			);
			name = MacLandMarks;
			productName = MacLandMarks;
			productReference = 655954AD2BE48A6C00DA3B03 /* MacLandMarks.app */;
			productType = "com.apple.product-type.application";
		};
/* End PBXNativeTarget section */

/* Begin PBXProject section */
		3F9D23B82BD203AA005E925F /* Project object */ = {
			isa = PBXProject;
			attributes = {
				BuildIndependentTargetsInParallel = 1;
				LastSwiftUpdateCheck = 1530;
				LastUpgradeCheck = 1530;
				TargetAttributes = {
					3F9D23BF2BD203AA005E925F = {
						CreatedOnToolsVersion = 15.3;
					};
					3F9D23CF2BD203AB005E925F = {
						CreatedOnToolsVersion = 15.3;
						TestTargetID = 3F9D23BF2BD203AA005E925F;
					};
					3F9D23D92BD203AB005E925F = {
						CreatedOnToolsVersion = 15.3;
						TestTargetID = 3F9D23BF2BD203AA005E925F;
					};
					6524020B2BE48116000C9FFB = {
						CreatedOnToolsVersion = 15.3;
					};
					655954AC2BE48A6C00DA3B03 = {
						CreatedOnToolsVersion = 15.3;
					};
				};
			};
			buildConfigurationList = 3F9D23BB2BD203AA005E925F /* Build configuration list for PBXProject "Patrick Steven_AFL3" */;
			compatibilityVersion = "Xcode 14.0";
			developmentRegion = en;
			hasScannedForEncodings = 0;
			knownRegions = (
				en,
				Base,
			);
			mainGroup = 3F9D23B72BD203AA005E925F;
			productRefGroup = 3F9D23C12BD203AA005E925F /* Products */;
			projectDirPath = "";
			projectRoot = "";
			targets = (
				3F9D23BF2BD203AA005E925F /* Patrick Steven_AFL3 */,
				3F9D23CF2BD203AB005E925F /* Patrick Steven_AFL3Tests */,
				3F9D23D92BD203AB005E925F /* Patrick Steven_AFL3UITests */,
				6524020B2BE48116000C9FFB /* WatchLandmarks Watch App */,
				655954AC2BE48A6C00DA3B03 /* MacLandMarks */,
			);
		};
/* End PBXProject section */

/* Begin PBXResourcesBuildPhase section */
		3F9D23BE2BD203AA005E925F /* Resources */ = {
			isa = PBXResourcesBuildPhase;
			buildActionMask = 2147483647;
			files = (
				652401DF2BE3D501000C9FFB /* hikeData.json in Resources */,
				3F9D23CB2BD203AA005E925F /* Preview Assets.xcassets in Resources */,
				3F9D23C82BD203AA005E925F /* Assets.xcassets in Resources */,
				652401CE2BE35D00000C9FFB /* landmarkData.json in Resources */,
			);
			runOnlyForDeploymentPostprocessing = 0;
		};
		3F9D23CE2BD203AB005E925F /* Resources */ = {
			isa = PBXResourcesBuildPhase;
			buildActionMask = 2147483647;
			files = (
			);
			runOnlyForDeploymentPostprocessing = 0;
		};
		3F9D23D82BD203AB005E925F /* Resources */ = {
			isa = PBXResourcesBuildPhase;
			buildActionMask = 2147483647;
			files = (
			);
			runOnlyForDeploymentPostprocessing = 0;
		};
		6524020A2BE48116000C9FFB /* Resources */ = {
			isa = PBXResourcesBuildPhase;
			buildActionMask = 2147483647;
			files = (
				652402162BE48118000C9FFB /* Preview Assets.xcassets in Resources */,
				6559549D2BE4840600DA3B03 /* landmarkData.json in Resources */,
				6559549E2BE4840600DA3B03 /* Assets.xcassets in Resources */,
				6559549F2BE4840600DA3B03 /* hikeData.json in Resources */,
				652402132BE48118000C9FFB /* Assets.xcassets in Resources */,
			);
			runOnlyForDeploymentPostprocessing = 0;
		};
		655954AB2BE48A6C00DA3B03 /* Resources */ = {
			isa = PBXResourcesBuildPhase;
			buildActionMask = 2147483647;
			files = (
				655954B72BE48A6F00DA3B03 /* Preview Assets.xcassets in Resources */,
				655954C62BE48B2900DA3B03 /* landmarkData.json in Resources */,
				655954C72BE48B2900DA3B03 /* Assets.xcassets in Resources */,
				655954C82BE48B2900DA3B03 /* hikeData.json in Resources */,
				655954B42BE48A6F00DA3B03 /* Assets.xcassets in Resources */,
			);
			runOnlyForDeploymentPostprocessing = 0;
		};
/* End PBXResourcesBuildPhase section */

/* Begin PBXSourcesBuildPhase section */
		3F9D23BC2BD203AA005E925F /* Sources */ = {
			isa = PBXSourcesBuildPhase;
			buildActionMask = 2147483647;
			files = (
				652401F02BE478B8000C9FFB /* CategoryRow.swift in Sources */,
				3F9D23C62BD203AA005E925F /* ContentView.swift in Sources */,
				655954CE2BE48E2700DA3B03 /* LandmarkCommands.swift in Sources */,
				652401EE2BE478A3000C9FFB /* CategoryHome.swift in Sources */,
				652401F62BE47B39000C9FFB /* ProfileHost.swift in Sources */,
				652402052BE47DCB000C9FFB /* FeatureCard.swift in Sources */,
				652401FA2BE47B44000C9FFB /* ProfileEditor.swift in Sources */,
				3F44736D2BDA1BC400DA9931 /* MapView.swift in Sources */,
				652402042BE47DCB000C9FFB /* PageView.swift in Sources */,
				6559548F2BE4835A00DA3B03 /* LandmarkList.swift in Sources */,
				652401FE2BE47BD2000C9FFB /* HikeBadge.swift in Sources */,
				652401D22BE362D2000C9FFB /* HexagonParameters.swift..swift in Sources */,
				652401E72BE3DAC9000C9FFB /* GraphCapsule.swift in Sources */,
				652401E92BE3DAC9000C9FFB /* HikeGraph.swift in Sources */,
				3F9D23C42BD203AA005E925F /* Patrick_Steven_AFL3App.swift in Sources */,
				655954902BE4835A00DA3B03 /* LandmarkRow.swift in Sources */,
				3F44737D2BDA2A5900DA9931 /* FavoriteButton.swift in Sources */,
				652401F22BE478BC000C9FFB /* CategoryItem.swift in Sources */,
				652402072BE47DCB000C9FFB /* PageViewController.swift in Sources */,
				652401DB2BE36BE2000C9FFB /* RotatedBadgeSymbol.swift in Sources */,
				652401E12BE3D554000C9FFB /* Hike.swift in Sources */,
				652401DD2BE3D04B000C9FFB /* Badge.swift .swift in Sources */,
				652401D92BE369B2000C9FFB /* BadgeSymbol.swift in Sources */,
				652401E82BE3DAC9000C9FFB /* HikeDetail.swift in Sources */,
				652401EA2BE3DAC9000C9FFB /* HikeView.swift in Sources */,
				652401D52BE3655B000C9FFB /* BadgeBackground.swift in Sources */,
				3FEB6E302BDA191E002BCAEE /* CircleImage.swift in Sources */,
				3F4473712BDA1FC100DA9931 /* Landmark.swift in Sources */,
				652401F82BE47B3E000C9FFB /* ProfileSummary.swift in Sources */,
				652402062BE47DCB000C9FFB /* PageControl.swift in Sources */,
				652401FC2BE47B95000C9FFB /* Profile.swift in Sources */,
				6559548E2BE4835A00DA3B03 /* LandmarkDetail.swift in Sources */,
				3F4473732BDA205C00DA9931 /* ModelData.swift in Sources */,
			);
			runOnlyForDeploymentPostprocessing = 0;
		};
		3F9D23CC2BD203AB005E925F /* Sources */ = {
			isa = PBXSourcesBuildPhase;
			buildActionMask = 2147483647;
			files = (
				3F9D23D52BD203AB005E925F /* Patrick_Steven_AFL3Tests.swift in Sources */,
			);
			runOnlyForDeploymentPostprocessing = 0;
		};
		3F9D23D62BD203AB005E925F /* Sources */ = {
			isa = PBXSourcesBuildPhase;
			buildActionMask = 2147483647;
			files = (
				3F9D23E12BD203AB005E925F /* Patrick_Steven_AFL3UITestsLaunchTests.swift in Sources */,
				3F9D23DF2BD203AB005E925F /* Patrick_Steven_AFL3UITests.swift in Sources */,
			);
			runOnlyForDeploymentPostprocessing = 0;
		};
		652402082BE48116000C9FFB /* Sources */ = {
			isa = PBXSourcesBuildPhase;
			buildActionMask = 2147483647;
			files = (
				652402112BE48116000C9FFB /* ContentView.swift in Sources */,
				655954942BE4840600DA3B03 /* CircleImage.swift in Sources */,
				655954952BE4840600DA3B03 /* Landmark.swift in Sources */,
				655954CC2BE48CBC00DA3B03 /* LandmarkList.swift in Sources */,
				655954972BE4840600DA3B03 /* ModelData.swift in Sources */,
				655954A22BE4858100DA3B03 /* Patrick_Steven_AFL3App.swift in Sources */,
				655954982BE4840600DA3B03 /* MapView.swift in Sources */,
				655954992BE4840600DA3B03 /* Profile.swift in Sources */,
				6559549B2BE4840600DA3B03 /* Hike.swift in Sources */,
				655954A62BE4883400DA3B03 /* NotificationController.swift in Sources */,
				6559549C2BE4840600DA3B03 /* LandmarkRow.swift in Sources */,
				655954A12BE484C200DA3B03 /* LandmarkDetail.swift in Sources */,
				655954A42BE4882300DA3B03 /* NotificationView.swift in Sources */,
			);
			runOnlyForDeploymentPostprocessing = 0;
		};
		655954A92BE48A6C00DA3B03 /* Sources */ = {
			isa = PBXSourcesBuildPhase;
			buildActionMask = 2147483647;
			files = (
				655954BC2BE48B2900DA3B03 /* LandmarkList.swift in Sources */,
				655954BD2BE48B2900DA3B03 /* ModelData.swift in Sources */,
				655954D12BE48F6500DA3B03 /* LandmarkSettings.swift in Sources */,
				655954BE2BE48B2900DA3B03 /* Landmark.swift in Sources */,
				655954BF2BE48B2900DA3B03 /* Hike.swift in Sources */,
				655954CF2BE48E2700DA3B03 /* LandmarkCommands.swift in Sources */,
				655954CA2BE48BAD00DA3B03 /* LandmarkDetail.swift in Sources */,
				655954C02BE48B2900DA3B03 /* LandmarkRow.swift in Sources */,
				655954C12BE48B2900DA3B03 /* Patrick_Steven_AFL3App.swift in Sources */,
				655954C22BE48B2900DA3B03 /* CircleImage.swift in Sources */,
				655954C32BE48B2900DA3B03 /* MapView.swift in Sources */,
				655954C42BE48B2900DA3B03 /* FavoriteButton.swift in Sources */,
				655954C52BE48B2900DA3B03 /* Profile.swift in Sources */,
				655954B22BE48A6C00DA3B03 /* ContentView.swift in Sources */,
			);
			runOnlyForDeploymentPostprocessing = 0;
		};
/* End PBXSourcesBuildPhase section */

/* Begin PBXTargetDependency section */
		3F9D23D22BD203AB005E925F /* PBXTargetDependency */ = {
			isa = PBXTargetDependency;
			target = 3F9D23BF2BD203AA005E925F /* Patrick Steven_AFL3 */;
			targetProxy = 3F9D23D12BD203AB005E925F /* PBXContainerItemProxy */;
		};
		3F9D23DC2BD203AB005E925F /* PBXTargetDependency */ = {
			isa = PBXTargetDependency;
			target = 3F9D23BF2BD203AA005E925F /* Patrick Steven_AFL3 */;
			targetProxy = 3F9D23DB2BD203AB005E925F /* PBXContainerItemProxy */;
		};
		652402182BE48118000C9FFB /* PBXTargetDependency */ = {
			isa = PBXTargetDependency;
			target = 6524020B2BE48116000C9FFB /* WatchLandmarks Watch App */;
			targetProxy = 652402172BE48118000C9FFB /* PBXContainerItemProxy */;
		};
/* End PBXTargetDependency section */

/* Begin XCBuildConfiguration section */
		3F9D23E22BD203AB005E925F /* Debug */ = {
			isa = XCBuildConfiguration;
			buildSettings = {
				ALWAYS_SEARCH_USER_PATHS = NO;
				ASSETCATALOG_COMPILER_GENERATE_SWIFT_ASSET_SYMBOL_EXTENSIONS = YES;
				CLANG_ANALYZER_NONNULL = YES;
				CLANG_ANALYZER_NUMBER_OBJECT_CONVERSION = YES_AGGRESSIVE;
				CLANG_CXX_LANGUAGE_STANDARD = "gnu++20";
				CLANG_ENABLE_MODULES = YES;
				CLANG_ENABLE_OBJC_ARC = YES;
				CLANG_ENABLE_OBJC_WEAK = YES;
				CLANG_WARN_BLOCK_CAPTURE_AUTORELEASING = YES;
				CLANG_WARN_BOOL_CONVERSION = YES;
				CLANG_WARN_COMMA = YES;
				CLANG_WARN_CONSTANT_CONVERSION = YES;
				CLANG_WARN_DEPRECATED_OBJC_IMPLEMENTATIONS = YES;
				CLANG_WARN_DIRECT_OBJC_ISA_USAGE = YES_ERROR;
				CLANG_WARN_DOCUMENTATION_COMMENTS = YES;
				CLANG_WARN_EMPTY_BODY = YES;
				CLANG_WARN_ENUM_CONVERSION = YES;
				CLANG_WARN_INFINITE_RECURSION = YES;
				CLANG_WARN_INT_CONVERSION = YES;
				CLANG_WARN_NON_LITERAL_NULL_CONVERSION = YES;
				CLANG_WARN_OBJC_IMPLICIT_RETAIN_SELF = YES;
				CLANG_WARN_OBJC_LITERAL_CONVERSION = YES;
				CLANG_WARN_OBJC_ROOT_CLASS = YES_ERROR;
				CLANG_WARN_QUOTED_INCLUDE_IN_FRAMEWORK_HEADER = YES;
				CLANG_WARN_RANGE_LOOP_ANALYSIS = YES;
				CLANG_WARN_STRICT_PROTOTYPES = YES;
				CLANG_WARN_SUSPICIOUS_MOVE = YES;
				CLANG_WARN_UNGUARDED_AVAILABILITY = YES_AGGRESSIVE;
				CLANG_WARN_UNREACHABLE_CODE = YES;
				CLANG_WARN__DUPLICATE_METHOD_MATCH = YES;
				COPY_PHASE_STRIP = NO;
				DEBUG_INFORMATION_FORMAT = dwarf;
				ENABLE_STRICT_OBJC_MSGSEND = YES;
				ENABLE_TESTABILITY = YES;
				ENABLE_USER_SCRIPT_SANDBOXING = YES;
				GCC_C_LANGUAGE_STANDARD = gnu17;
				GCC_DYNAMIC_NO_PIC = NO;
				GCC_NO_COMMON_BLOCKS = YES;
				GCC_OPTIMIZATION_LEVEL = 0;
				GCC_PREPROCESSOR_DEFINITIONS = (
					"DEBUG=1",
					"$(inherited)",
				);
				GCC_WARN_64_TO_32_BIT_CONVERSION = YES;
				GCC_WARN_ABOUT_RETURN_TYPE = YES_ERROR;
				GCC_WARN_UNDECLARED_SELECTOR = YES;
				GCC_WARN_UNINITIALIZED_AUTOS = YES_AGGRESSIVE;
				GCC_WARN_UNUSED_FUNCTION = YES;
				GCC_WARN_UNUSED_VARIABLE = YES;
				IPHONEOS_DEPLOYMENT_TARGET = 17.4;
				LOCALIZATION_PREFERS_STRING_CATALOGS = YES;
				MTL_ENABLE_DEBUG_INFO = INCLUDE_SOURCE;
				MTL_FAST_MATH = YES;
				ONLY_ACTIVE_ARCH = YES;
				SDKROOT = iphoneos;
				SWIFT_ACTIVE_COMPILATION_CONDITIONS = "DEBUG $(inherited)";
				SWIFT_OPTIMIZATION_LEVEL = "-Onone";
			};
			name = Debug;
		};
		3F9D23E32BD203AB005E925F /* Release */ = {
			isa = XCBuildConfiguration;
			buildSettings = {
				ALWAYS_SEARCH_USER_PATHS = NO;
				ASSETCATALOG_COMPILER_GENERATE_SWIFT_ASSET_SYMBOL_EXTENSIONS = YES;
				CLANG_ANALYZER_NONNULL = YES;
				CLANG_ANALYZER_NUMBER_OBJECT_CONVERSION = YES_AGGRESSIVE;
				CLANG_CXX_LANGUAGE_STANDARD = "gnu++20";
				CLANG_ENABLE_MODULES = YES;
				CLANG_ENABLE_OBJC_ARC = YES;
				CLANG_ENABLE_OBJC_WEAK = YES;
				CLANG_WARN_BLOCK_CAPTURE_AUTORELEASING = YES;
				CLANG_WARN_BOOL_CONVERSION = YES;
				CLANG_WARN_COMMA = YES;
				CLANG_WARN_CONSTANT_CONVERSION = YES;
				CLANG_WARN_DEPRECATED_OBJC_IMPLEMENTATIONS = YES;
				CLANG_WARN_DIRECT_OBJC_ISA_USAGE = YES_ERROR;
				CLANG_WARN_DOCUMENTATION_COMMENTS = YES;
				CLANG_WARN_EMPTY_BODY = YES;
				CLANG_WARN_ENUM_CONVERSION = YES;
				CLANG_WARN_INFINITE_RECURSION = YES;
				CLANG_WARN_INT_CONVERSION = YES;
				CLANG_WARN_NON_LITERAL_NULL_CONVERSION = YES;
				CLANG_WARN_OBJC_IMPLICIT_RETAIN_SELF = YES;
				CLANG_WARN_OBJC_LITERAL_CONVERSION = YES;
				CLANG_WARN_OBJC_ROOT_CLASS = YES_ERROR;
				CLANG_WARN_QUOTED_INCLUDE_IN_FRAMEWORK_HEADER = YES;
				CLANG_WARN_RANGE_LOOP_ANALYSIS = YES;
				CLANG_WARN_STRICT_PROTOTYPES = YES;
				CLANG_WARN_SUSPICIOUS_MOVE = YES;
				CLANG_WARN_UNGUARDED_AVAILABILITY = YES_AGGRESSIVE;
				CLANG_WARN_UNREACHABLE_CODE = YES;
				CLANG_WARN__DUPLICATE_METHOD_MATCH = YES;
				COPY_PHASE_STRIP = NO;
				DEBUG_INFORMATION_FORMAT = "dwarf-with-dsym";
				ENABLE_NS_ASSERTIONS = NO;
				ENABLE_STRICT_OBJC_MSGSEND = YES;
				ENABLE_USER_SCRIPT_SANDBOXING = YES;
				GCC_C_LANGUAGE_STANDARD = gnu17;
				GCC_NO_COMMON_BLOCKS = YES;
				GCC_WARN_64_TO_32_BIT_CONVERSION = YES;
				GCC_WARN_ABOUT_RETURN_TYPE = YES_ERROR;
				GCC_WARN_UNDECLARED_SELECTOR = YES;
				GCC_WARN_UNINITIALIZED_AUTOS = YES_AGGRESSIVE;
				GCC_WARN_UNUSED_FUNCTION = YES;
				GCC_WARN_UNUSED_VARIABLE = YES;
				IPHONEOS_DEPLOYMENT_TARGET = 17.4;
				LOCALIZATION_PREFERS_STRING_CATALOGS = YES;
				MTL_ENABLE_DEBUG_INFO = NO;
				MTL_FAST_MATH = YES;
				SDKROOT = iphoneos;
				SWIFT_COMPILATION_MODE = wholemodule;
				VALIDATE_PRODUCT = YES;
			};
			name = Release;
		};
		3F9D23E52BD203AB005E925F /* Debug */ = {
			isa = XCBuildConfiguration;
			buildSettings = {
				ALWAYS_EMBED_SWIFT_STANDARD_LIBRARIES = YES;
				ASSETCATALOG_COMPILER_APPICON_NAME = AppIcon;
				ASSETCATALOG_COMPILER_GLOBAL_ACCENT_COLOR_NAME = AccentColor;
				CODE_SIGN_STYLE = Automatic;
				CURRENT_PROJECT_VERSION = 1;
				DEVELOPMENT_ASSET_PATHS = "\"Patrick Steven_AFL3/Preview Content\"";
				DEVELOPMENT_TEAM = TB8PG4T282;
				ENABLE_PREVIEWS = YES;
				GENERATE_INFOPLIST_FILE = YES;
				INFOPLIST_KEY_UIApplicationSceneManifest_Generation = YES;
				INFOPLIST_KEY_UIApplicationSupportsIndirectInputEvents = YES;
				INFOPLIST_KEY_UILaunchScreen_Generation = YES;
				INFOPLIST_KEY_UISupportedInterfaceOrientations_iPad = "UIInterfaceOrientationPortrait UIInterfaceOrientationPortraitUpsideDown UIInterfaceOrientationLandscapeLeft UIInterfaceOrientationLandscapeRight";
				INFOPLIST_KEY_UISupportedInterfaceOrientations_iPhone = "UIInterfaceOrientationPortrait UIInterfaceOrientationLandscapeLeft UIInterfaceOrientationLandscapeRight";
				LD_RUNPATH_SEARCH_PATHS = (
					"$(inherited)",
					"@executable_path/Frameworks",
				);
				MARKETING_VERSION = 1.0;
				PRODUCT_BUNDLE_IDENTIFIER = "coba.Patrick-Steven-AFL3";
				PRODUCT_NAME = "$(TARGET_NAME)";
				SWIFT_EMIT_LOC_STRINGS = YES;
				SWIFT_VERSION = 5.0;
				TARGETED_DEVICE_FAMILY = "1,2";
			};
			name = Debug;
		};
		3F9D23E62BD203AB005E925F /* Release */ = {
			isa = XCBuildConfiguration;
			buildSettings = {
				ALWAYS_EMBED_SWIFT_STANDARD_LIBRARIES = YES;
				ASSETCATALOG_COMPILER_APPICON_NAME = AppIcon;
				ASSETCATALOG_COMPILER_GLOBAL_ACCENT_COLOR_NAME = AccentColor;
				CODE_SIGN_STYLE = Automatic;
				CURRENT_PROJECT_VERSION = 1;
				DEVELOPMENT_ASSET_PATHS = "\"Patrick Steven_AFL3/Preview Content\"";
				DEVELOPMENT_TEAM = TB8PG4T282;
				ENABLE_PREVIEWS = YES;
				GENERATE_INFOPLIST_FILE = YES;
				INFOPLIST_KEY_UIApplicationSceneManifest_Generation = YES;
				INFOPLIST_KEY_UIApplicationSupportsIndirectInputEvents = YES;
				INFOPLIST_KEY_UILaunchScreen_Generation = YES;
				INFOPLIST_KEY_UISupportedInterfaceOrientations_iPad = "UIInterfaceOrientationPortrait UIInterfaceOrientationPortraitUpsideDown UIInterfaceOrientationLandscapeLeft UIInterfaceOrientationLandscapeRight";
				INFOPLIST_KEY_UISupportedInterfaceOrientations_iPhone = "UIInterfaceOrientationPortrait UIInterfaceOrientationLandscapeLeft UIInterfaceOrientationLandscapeRight";
				LD_RUNPATH_SEARCH_PATHS = (
					"$(inherited)",
					"@executable_path/Frameworks",
				);
				MARKETING_VERSION = 1.0;
				PRODUCT_BUNDLE_IDENTIFIER = "coba.Patrick-Steven-AFL3";
				PRODUCT_NAME = "$(TARGET_NAME)";
				SWIFT_EMIT_LOC_STRINGS = YES;
				SWIFT_VERSION = 5.0;
				TARGETED_DEVICE_FAMILY = "1,2";
			};
			name = Release;
		};
		3F9D23E82BD203AB005E925F /* Debug */ = {
			isa = XCBuildConfiguration;
			buildSettings = {
				ALWAYS_EMBED_SWIFT_STANDARD_LIBRARIES = YES;
				BUNDLE_LOADER = "$(TEST_HOST)";
				CODE_SIGN_STYLE = Automatic;
				CURRENT_PROJECT_VERSION = 1;
				DEVELOPMENT_TEAM = TB8PG4T282;
				GENERATE_INFOPLIST_FILE = YES;
				IPHONEOS_DEPLOYMENT_TARGET = 17.4;
				MARKETING_VERSION = 1.0;
				PRODUCT_BUNDLE_IDENTIFIER = "coba.Patrick-Steven-AFL3Tests";
				PRODUCT_NAME = "$(TARGET_NAME)";
				SWIFT_EMIT_LOC_STRINGS = NO;
				SWIFT_VERSION = 5.0;
				TARGETED_DEVICE_FAMILY = "1,2";
				TEST_HOST = "$(BUILT_PRODUCTS_DIR)/Patrick Steven_AFL3.app/$(BUNDLE_EXECUTABLE_FOLDER_PATH)/Patrick Steven_AFL3";
			};
			name = Debug;
		};
		3F9D23E92BD203AB005E925F /* Release */ = {
			isa = XCBuildConfiguration;
			buildSettings = {
				ALWAYS_EMBED_SWIFT_STANDARD_LIBRARIES = YES;
				BUNDLE_LOADER = "$(TEST_HOST)";
				CODE_SIGN_STYLE = Automatic;
				CURRENT_PROJECT_VERSION = 1;
				DEVELOPMENT_TEAM = TB8PG4T282;
				GENERATE_INFOPLIST_FILE = YES;
				IPHONEOS_DEPLOYMENT_TARGET = 17.4;
				MARKETING_VERSION = 1.0;
				PRODUCT_BUNDLE_IDENTIFIER = "coba.Patrick-Steven-AFL3Tests";
				PRODUCT_NAME = "$(TARGET_NAME)";
				SWIFT_EMIT_LOC_STRINGS = NO;
				SWIFT_VERSION = 5.0;
				TARGETED_DEVICE_FAMILY = "1,2";
				TEST_HOST = "$(BUILT_PRODUCTS_DIR)/Patrick Steven_AFL3.app/$(BUNDLE_EXECUTABLE_FOLDER_PATH)/Patrick Steven_AFL3";
			};
			name = Release;
		};
		3F9D23EB2BD203AB005E925F /* Debug */ = {
			isa = XCBuildConfiguration;
			buildSettings = {
				ALWAYS_EMBED_SWIFT_STANDARD_LIBRARIES = YES;
				CODE_SIGN_STYLE = Automatic;
				CURRENT_PROJECT_VERSION = 1;
				DEVELOPMENT_TEAM = TB8PG4T282;
				GENERATE_INFOPLIST_FILE = YES;
				MARKETING_VERSION = 1.0;
				PRODUCT_BUNDLE_IDENTIFIER = "coba.Patrick-Steven-AFL3UITests";
				PRODUCT_NAME = "$(TARGET_NAME)";
				SWIFT_EMIT_LOC_STRINGS = NO;
				SWIFT_VERSION = 5.0;
				TARGETED_DEVICE_FAMILY = "1,2";
				TEST_TARGET_NAME = "Patrick Steven_AFL3";
			};
			name = Debug;
		};
		3F9D23EC2BD203AB005E925F /* Release */ = {
			isa = XCBuildConfiguration;
			buildSettings = {
				ALWAYS_EMBED_SWIFT_STANDARD_LIBRARIES = YES;
				CODE_SIGN_STYLE = Automatic;
				CURRENT_PROJECT_VERSION = 1;
				DEVELOPMENT_TEAM = TB8PG4T282;
				GENERATE_INFOPLIST_FILE = YES;
				MARKETING_VERSION = 1.0;
				PRODUCT_BUNDLE_IDENTIFIER = "coba.Patrick-Steven-AFL3UITests";
				PRODUCT_NAME = "$(TARGET_NAME)";
				SWIFT_EMIT_LOC_STRINGS = NO;
				SWIFT_VERSION = 5.0;
				TARGETED_DEVICE_FAMILY = "1,2";
				TEST_TARGET_NAME = "Patrick Steven_AFL3";
			};
			name = Release;
		};
		6524021B2BE48118000C9FFB /* Debug */ = {
			isa = XCBuildConfiguration;
			buildSettings = {
				ASSETCATALOG_COMPILER_APPICON_NAME = AppIcon;
				ASSETCATALOG_COMPILER_GLOBAL_ACCENT_COLOR_NAME = AccentColor;
				CODE_SIGN_STYLE = Automatic;
				CURRENT_PROJECT_VERSION = 1;
				DEVELOPMENT_ASSET_PATHS = "\"WatchLandmarks Watch App/Preview Content\"";
				DEVELOPMENT_TEAM = TB8PG4T282;
				ENABLE_PREVIEWS = YES;
				GENERATE_INFOPLIST_FILE = YES;
				INFOPLIST_KEY_CFBundleDisplayName = WatchLandmarks;
				INFOPLIST_KEY_UISupportedInterfaceOrientations = "UIInterfaceOrientationPortrait UIInterfaceOrientationPortraitUpsideDown";
				INFOPLIST_KEY_WKCompanionAppBundleIdentifier = "coba.Patrick-Steven-AFL3";
				INFOPLIST_KEY_WKRunsIndependentlyOfCompanionApp = YES;
				LD_RUNPATH_SEARCH_PATHS = (
					"$(inherited)",
					"@executable_path/Frameworks",
				);
				MARKETING_VERSION = 1.0;
				PRODUCT_BUNDLE_IDENTIFIER = "coba.Patrick-Steven-AFL3.watchkitapp";
				PRODUCT_NAME = "$(TARGET_NAME)";
				SDKROOT = watchos;
				SKIP_INSTALL = YES;
				SWIFT_EMIT_LOC_STRINGS = YES;
				SWIFT_VERSION = 5.0;
				TARGETED_DEVICE_FAMILY = 4;
				WATCHOS_DEPLOYMENT_TARGET = 10.4;
			};
			name = Debug;
		};
		6524021C2BE48118000C9FFB /* Release */ = {
			isa = XCBuildConfiguration;
			buildSettings = {
				ASSETCATALOG_COMPILER_APPICON_NAME = AppIcon;
				ASSETCATALOG_COMPILER_GLOBAL_ACCENT_COLOR_NAME = AccentColor;
				CODE_SIGN_STYLE = Automatic;
				CURRENT_PROJECT_VERSION = 1;
				DEVELOPMENT_ASSET_PATHS = "\"WatchLandmarks Watch App/Preview Content\"";
				DEVELOPMENT_TEAM = TB8PG4T282;
				ENABLE_PREVIEWS = YES;
				GENERATE_INFOPLIST_FILE = YES;
				INFOPLIST_KEY_CFBundleDisplayName = WatchLandmarks;
				INFOPLIST_KEY_UISupportedInterfaceOrientations = "UIInterfaceOrientationPortrait UIInterfaceOrientationPortraitUpsideDown";
				INFOPLIST_KEY_WKCompanionAppBundleIdentifier = "coba.Patrick-Steven-AFL3";
				INFOPLIST_KEY_WKRunsIndependentlyOfCompanionApp = YES;
				LD_RUNPATH_SEARCH_PATHS = (
					"$(inherited)",
					"@executable_path/Frameworks",
				);
				MARKETING_VERSION = 1.0;
				PRODUCT_BUNDLE_IDENTIFIER = "coba.Patrick-Steven-AFL3.watchkitapp";
				PRODUCT_NAME = "$(TARGET_NAME)";
				SDKROOT = watchos;
				SKIP_INSTALL = YES;
				SWIFT_EMIT_LOC_STRINGS = YES;
				SWIFT_VERSION = 5.0;
				TARGETED_DEVICE_FAMILY = 4;
				WATCHOS_DEPLOYMENT_TARGET = 10.4;
			};
			name = Release;
		};
		655954BA2BE48A6F00DA3B03 /* Debug */ = {
			isa = XCBuildConfiguration;
			buildSettings = {
				ASSETCATALOG_COMPILER_APPICON_NAME = AppIcon;
				ASSETCATALOG_COMPILER_GLOBAL_ACCENT_COLOR_NAME = AccentColor;
				CODE_SIGN_ENTITLEMENTS = MacLandMarks/MacLandMarks.entitlements;
				CODE_SIGN_STYLE = Automatic;
				COMBINE_HIDPI_IMAGES = YES;
				CURRENT_PROJECT_VERSION = 1;
				DEVELOPMENT_ASSET_PATHS = "\"MacLandMarks/Preview Content\"";
				DEVELOPMENT_TEAM = TB8PG4T282;
				ENABLE_HARDENED_RUNTIME = YES;
				ENABLE_PREVIEWS = YES;
				GENERATE_INFOPLIST_FILE = YES;
				INFOPLIST_KEY_NSHumanReadableCopyright = "";
				LD_RUNPATH_SEARCH_PATHS = (
					"$(inherited)",
					"@executable_path/../Frameworks",
				);
				MACOSX_DEPLOYMENT_TARGET = 14.1;
				MARKETING_VERSION = 1.0;
				PRODUCT_BUNDLE_IDENTIFIER = "UC-.MacLandMarks";
				PRODUCT_NAME = "$(TARGET_NAME)";
				SDKROOT = macosx;
				SWIFT_EMIT_LOC_STRINGS = YES;
				SWIFT_VERSION = 5.0;
			};
			name = Debug;
		};
		655954BB2BE48A6F00DA3B03 /* Release */ = {
			isa = XCBuildConfiguration;
			buildSettings = {
				ASSETCATALOG_COMPILER_APPICON_NAME = AppIcon;
				ASSETCATALOG_COMPILER_GLOBAL_ACCENT_COLOR_NAME = AccentColor;
				CODE_SIGN_ENTITLEMENTS = MacLandMarks/MacLandMarks.entitlements;
				CODE_SIGN_STYLE = Automatic;
				COMBINE_HIDPI_IMAGES = YES;
				CURRENT_PROJECT_VERSION = 1;
				DEVELOPMENT_ASSET_PATHS = "\"MacLandMarks/Preview Content\"";
				DEVELOPMENT_TEAM = TB8PG4T282;
				ENABLE_HARDENED_RUNTIME = YES;
				ENABLE_PREVIEWS = YES;
				GENERATE_INFOPLIST_FILE = YES;
				INFOPLIST_KEY_NSHumanReadableCopyright = "";
				LD_RUNPATH_SEARCH_PATHS = (
					"$(inherited)",
					"@executable_path/../Frameworks",
				);
				MACOSX_DEPLOYMENT_TARGET = 14.1;
				MARKETING_VERSION = 1.0;
				PRODUCT_BUNDLE_IDENTIFIER = "UC-.MacLandMarks";
				PRODUCT_NAME = "$(TARGET_NAME)";
				SDKROOT = macosx;
				SWIFT_EMIT_LOC_STRINGS = YES;
				SWIFT_VERSION = 5.0;
			};
			name = Release;
		};
/* End XCBuildConfiguration section */

/* Begin XCConfigurationList section */
		3F9D23BB2BD203AA005E925F /* Build configuration list for PBXProject "Patrick Steven_AFL3" */ = {
			isa = XCConfigurationList;
			buildConfigurations = (
				3F9D23E22BD203AB005E925F /* Debug */,
				3F9D23E32BD203AB005E925F /* Release */,
			);
			defaultConfigurationIsVisible = 0;
			defaultConfigurationName = Release;
		};
		3F9D23E42BD203AB005E925F /* Build configuration list for PBXNativeTarget "Patrick Steven_AFL3" */ = {
			isa = XCConfigurationList;
			buildConfigurations = (
				3F9D23E52BD203AB005E925F /* Debug */,
				3F9D23E62BD203AB005E925F /* Release */,
			);
			defaultConfigurationIsVisible = 0;
			defaultConfigurationName = Release;
		};
		3F9D23E72BD203AB005E925F /* Build configuration list for PBXNativeTarget "Patrick Steven_AFL3Tests" */ = {
			isa = XCConfigurationList;
			buildConfigurations = (
				3F9D23E82BD203AB005E925F /* Debug */,
				3F9D23E92BD203AB005E925F /* Release */,
			);
			defaultConfigurationIsVisible = 0;
			defaultConfigurationName = Release;
		};
		3F9D23EA2BD203AB005E925F /* Build configuration list for PBXNativeTarget "Patrick Steven_AFL3UITests" */ = {
			isa = XCConfigurationList;
			buildConfigurations = (
				3F9D23EB2BD203AB005E925F /* Debug */,
				3F9D23EC2BD203AB005E925F /* Release */,
			);
			defaultConfigurationIsVisible = 0;
			defaultConfigurationName = Release;
		};
		6524021A2BE48118000C9FFB /* Build configuration list for PBXNativeTarget "WatchLandmarks Watch App" */ = {
			isa = XCConfigurationList;
			buildConfigurations = (
				6524021B2BE48118000C9FFB /* Debug */,
				6524021C2BE48118000C9FFB /* Release */,
			);
			defaultConfigurationIsVisible = 0;
			defaultConfigurationName = Release;
		};
		655954B92BE48A6F00DA3B03 /* Build configuration list for PBXNativeTarget "MacLandMarks" */ = {
			isa = XCConfigurationList;
			buildConfigurations = (
				655954BA2BE48A6F00DA3B03 /* Debug */,
				655954BB2BE48A6F00DA3B03 /* Release */,
			);
			defaultConfigurationIsVisible = 0;
			defaultConfigurationName = Release;
		};
/* End XCConfigurationList section */
	};
	rootObject = 3F9D23B82BD203AA005E925F /* Project object */;
}
